{
    "_readme": [
        "This file locks the dependencies of your project to a known state",
        "Read more about it at https://getcomposer.org/doc/01-basic-usage.md#installing-dependencies",
        "This file is @generated automatically"
    ],
    "content-hash": "d6b09eee53c8881753a7ecb6299e2d58",
    "packages": [
        {
            "name": "jxlwqq/chinese-typesetting",
            "version": "1.2.4",
            "source": {
                "type": "git",
                "url": "https://github.com/jxlwqq/chinese-typesetting.git",
                "reference": "f2150ec15164fc5bf964a8eb8a23016aac4944df"
            },
            "dist": {
                "type": "zip",
                "url": "https://api.github.com/repos/jxlwqq/chinese-typesetting/zipball/f2150ec15164fc5bf964a8eb8a23016aac4944df",
                "reference": "f2150ec15164fc5bf964a8eb8a23016aac4944df",
                "shasum": "",
                "mirrors": [
                    {
                        "url": "https://mirrors.aliyun.com/composer/dists/%package%/%reference%.%type%",
                        "preferred": true
                    }
                ]
            },
            "require": {
                "php": ">=5.6.0"
            },
            "require-dev": {
                "phpunit/phpunit": "^5.6"
            },
            "type": "library",
            "autoload": {
                "psr-4": {
                    "Jxlwqq\\ChineseTypesetting\\": "src/"
                }
            },
            "notification-url": "https://packagist.org/downloads/",
            "license": [
                "MIT"
            ],
            "authors": [
                {
                    "name": "jxlwqq",
                    "email": "jxlwqq@gmail.com",
                    "homepage": "https://jxlwqq.github.io"
                }
            ],
            "description": "Better Typesetting for Chinese",
            "support": {
                "issues": "https://github.com/jxlwqq/chinese-typesetting/issues",
                "source": "https://github.com/jxlwqq/chinese-typesetting/tree/master"
            },
            "time": "2018-10-17T03:15:50+00:00"
        }
    ],
    "packages-dev": [],
    "aliases": [],
    "minimum-stability": "stable",
    "stability-flags": [],
    "prefer-stable": false,
    "prefer-lowest": false,
    "platform": [],
    "platform-dev": [],
    "plugin-api-version": "2.1.0"
}
